Microsoft Visual Studio Solution File, Format Version 12.00
# Visual Studio Version 17
VisualStudioVersion = 17.5.2.0
MinimumVisualStudioVersion = 10.0.40219.1
Project("{FAE04EC0-301F-11D3-BF4B-00C04F79EFBC}") = "recursividade", "recursividade\recursividade.csproj", "{9FBE6F92-FB03-B237-89C3-846EA8419046}"
EndProject
Global
	GlobalSection(SolutionConfigurationPlatforms) = preSolution
		Debug|Any CPU = Debug|Any CPU
		Release|Any CPU = Release|Any CPU
	EndGlobalSection
	GlobalSection(ProjectConfigurationPlatforms) = postSolution
		{9FBE6F92-FB03-B237-89C3-846EA8419046}.Debug|Any CPU.ActiveCfg = Debug|Any CPU
		{9FBE6F92-FB03-B237-89C3-846EA8419046}.Debug|Any CPU.Build.0 = Debug|Any CPU
		{9FBE6F92-FB03-B237-89C3-846EA8419046}.Release|Any CPU.ActiveCfg = Release|Any CPU
		{9FBE6F92-FB03-B237-89C3-846EA8419046}.Release|Any CPU.Build.0 = Release|Any CPU
	EndGlobalSection
	GlobalSection(SolutionProperties) = preSolution
		HideSolutionNode = FALSE
	EndGlobalSection
	GlobalSection(ExtensibilityGlobals) = postSolution
		SolutionGuid = {BF47E02F-CA21-4512-8D0A-0C70C0132BD3}
	EndGlobalSection
EndGlobal
